# THIS IS AN AUTOGENERATED FILE. DO NOT EDIT THIS FILE DIRECTLY.
# yarn lockfile v1


deepmerge@^1.3.2:
  version "1.5.2"
  resolved "https://registry.yarnpkg.com/deepmerge/-/deepmerge-1.5.2.tgz#10499d868844cdad4fee0842df8c7f6f0c95a753"
  integrity sha512-95k0GDqvBjZavkuvzx/YqVLv/6YYa17fz6ILMSf7neqQITCPbnfEnQvEgMPNjH4kgobe7+WIL0yJEHku+H3qtQ==

webpack-chain@^3.3.0:
  version "3.3.0"
  resolved "https://registry.yarnpkg.com/webpack-chain/-/webpack-chain-3.3.0.tgz#b3a2e86e32fae1c534d6e01ec7dc187dcc50843a"
  integrity sha1-s6LobjL64cU01uAex9wYfcxQhDo=
  dependencies:
    deepmerge "^1.3.2"

webpack-flow@^2.0.0:
  version "2.0.0"
  resolved "https://registry.yarnpkg.com/webpack-flow/-/webpack-flow-2.0.0.tgz#a7513678f0ae57bb06da47c6b8848847de2aa821"
  integrity sha512-iVzK+9HADPCeZF5U4B2zk9k+bb6GSUAvMPXLwsVyFp1/jCvgeWHP6An6d1P4Du+GqLR/vc/JUf3wAboLxiYW0w==
  dependencies:
    webpack-chain "^3.3.0"
